// !$*UTF8*$!
{
	archiveVersion = 1;
	classes = {
	};
	objectVersion = 55;
	objects = {

/* Begin PBXBuildFile section */
		5D6E460E2807BB8500ACB360 /* AppDelegate.m in Sources */ = {isa = PBXBuildFile; fileRef = 5D6E460D2807BB8500ACB360 /* AppDelegate.m */; };
		5D6E46112807BB8500ACB360 /* SceneDelegate.m in Sources */ = {isa = PBXBuildFile; fileRef = 5D6E46102807BB8500ACB360 /* SceneDelegate.m */; };
		5D6E46172807BB8500ACB360 /* Main.storyboard in Resources */ = {isa = PBXBuildFile; fileRef = 5D6E46152807BB8500ACB360 /* Main.storyboard */; };
		5D6E46192807BB8600ACB360 /* Assets.xcassets in Resources */ = {isa = PBXBuildFile; fileRef = 5D6E46182807BB8600ACB360 /* Assets.xcassets */; };
		5D6E461C2807BB8600ACB360 /* LaunchScreen.storyboard in Resources */ = {isa = PBXBuildFile; fileRef = 5D6E461A2807BB8600ACB360 /* LaunchScreen.storyboard */; };
		5D6E461F2807BB8600ACB360 /* main.m in Sources */ = {isa = PBXBuildFile; fileRef = 5D6E461E2807BB8600ACB360 /* main.m */; };
		5D6E46292807BCA300ACB360 /* Checklist.m in Sources */ = {isa = PBXBuildFile; fileRef = 5D6E46282807BCA300ACB360 /* Checklist.m */; };
		5D6E462C2807BF8E00ACB360 /* ChecklistItem.m in Sources */ = {isa = PBXBuildFile; fileRef = 5D6E462B2807BF8E00ACB360 /* ChecklistItem.m */; };
		5D6E462F2807C71100ACB360 /* DataModel.m in Sources */ = {isa = PBXBuildFile; fileRef = 5D6E462E2807C71100ACB360 /* DataModel.m */; };
		5D6E46322807E9CD00ACB360 /* ListDetailViewController.m in Sources */ = {isa = PBXBuildFile; fileRef = 5D6E46312807E9CD00ACB360 /* ListDetailViewController.m */; };
		5D6E46352807EA8200ACB360 /* AllListsViewController.m in Sources */ = {isa = PBXBuildFile; fileRef = 5D6E46342807EA8200ACB360 /* AllListsViewController.m */; };
		5D6E46382807F8E500ACB360 /* CheckListViewController.m in Sources */ = {isa = PBXBuildFile; fileRef = 5D6E46372807F8E500ACB360 /* CheckListViewController.m */; };
		5D6E463B2807F8F200ACB360 /* ItemDetailViewController.m in Sources */ = {isa = PBXBuildFile; fileRef = 5D6E463A2807F8F200ACB360 /* ItemDetailViewController.m */; };
		5D6E463E2808084400ACB360 /* IconPickerViewController.m in Sources */ = {isa = PBXBuildFile; fileRef = 5D6E463D2808084400ACB360 /* IconPickerViewController.m */; };
/* End PBXBuildFile section */

/* Begin PBXFileReference section */
		5D6E46092807BB8500ACB360 /* OkLists_OC.app */ = {isa = PBXFileReference; explicitFileType = wrapper.application; includeInIndex = 0; path = OkLists_OC.app; sourceTree = BUILT_PRODUCTS_DIR; };
		5D6E460C2807BB8500ACB360 /* AppDelegate.h */ = {isa = PBXFileReference; lastKnownFileType = sourcecode.c.h; path = AppDelegate.h; sourceTree = "<group>"; };
		5D6E460D2807BB8500ACB360 /* AppDelegate.m */ = {isa = PBXFileReference; lastKnownFileType = sourcecode.c.objc; path = AppDelegate.m; sourceTree = "<group>"; };
		5D6E460F2807BB8500ACB360 /* SceneDelegate.h */ = {isa = PBXFileReference; lastKnownFileType = sourcecode.c.h; path = SceneDelegate.h; sourceTree = "<group>"; };
		5D6E46102807BB8500ACB360 /* SceneDelegate.m */ = {isa = PBXFileReference; lastKnownFileType = sourcecode.c.objc; path = SceneDelegate.m; sourceTree = "<group>"; };
		5D6E46162807BB8500ACB360 /* Base */ = {isa = PBXFileReference; lastKnownFileType = file.storyboard; name = Base; path = Base.lproj/Main.storyboard; sourceTree = "<group>"; };
		5D6E46182807BB8600ACB360 /* Assets.xcassets */ = {isa = PBXFileReference; lastKnownFileType = folder.assetcatalog; path = Assets.xcassets; sourceTree = "<group>"; };
		5D6E461B2807BB8600ACB360 /* Base */ = {isa = PBXFileReference; lastKnownFileType = file.storyboard; name = Base; path = Base.lproj/LaunchScreen.storyboard; sourceTree = "<group>"; };
		5D6E461D2807BB8600ACB360 /* Info.plist */ = {isa = PBXFileReference; lastKnownFileType = text.plist.xml; path = Info.plist; sourceTree = "<group>"; };
		5D6E461E2807BB8600ACB360 /* main.m */ = {isa = PBXFileReference; lastKnownFileType = sourcecode.c.objc; path = main.m; sourceTree = "<group>"; };
		5D6E46272807BCA300ACB360 /* Checklist.h */ = {isa = PBXFileReference; lastKnownFileType = sourcecode.c.h; path = Checklist.h; sourceTree = "<group>"; };
		5D6E46282807BCA300ACB360 /* Checklist.m */ = {isa = PBXFileReference; lastKnownFileType = sourcecode.c.objc; path = Checklist.m; sourceTree = "<group>"; };
		5D6E462A2807BF8E00ACB360 /* ChecklistItem.h */ = {isa = PBXFileReference; lastKnownFileType = sourcecode.c.h; path = ChecklistItem.h; sourceTree = "<group>"; };
		5D6E462B2807BF8E00ACB360 /* ChecklistItem.m */ = {isa = PBXFileReference; lastKnownFileType = sourcecode.c.objc; path = ChecklistItem.m; sourceTree = "<group>"; };
		5D6E462D2807C71100ACB360 /* DataModel.h */ = {isa = PBXFileReference; lastKnownFileType = sourcecode.c.h; path = DataModel.h; sourceTree = "<group>"; };
		5D6E462E2807C71100ACB360 /* DataModel.m */ = {isa = PBXFileReference; lastKnownFileType = sourcecode.c.objc; path = DataModel.m; sourceTree = "<group>"; };
		5D6E46302807E9CD00ACB360 /* ListDetailViewController.h */ = {isa = PBXFileReference; lastKnownFileType = sourcecode.c.h; path = ListDetailViewController.h; sourceTree = "<group>"; };
		5D6E46312807E9CD00ACB360 /* ListDetailViewController.m */ = {isa = PBXFileReference; lastKnownFileType = sourcecode.c.objc; path = ListDetailViewController.m; sourceTree = "<group>"; };
		5D6E46332807EA8200ACB360 /* AllListsViewController.h */ = {isa = PBXFileReference; lastKnownFileType = sourcecode.c.h; path = AllListsViewController.h; sourceTree = "<group>"; };
		5D6E46342807EA8200ACB360 /* AllListsViewController.m */ = {isa = PBXFileReference; lastKnownFileType = sourcecode.c.objc; path = AllListsViewController.m; sourceTree = "<group>"; };
		5D6E46362807F8E500ACB360 /* CheckListViewController.h */ = {isa = PBXFileReference; lastKnownFileType = sourcecode.c.h; path = CheckListViewController.h; sourceTree = "<group>"; };
		5D6E46372807F8E500ACB360 /* CheckListViewController.m */ = {isa = PBXFileReference; lastKnownFileType = sourcecode.c.objc; path = CheckListViewController.m; sourceTree = "<group>"; };
		5D6E46392807F8F200ACB360 /* ItemDetailViewController.h */ = {isa = PBXFileReference; lastKnownFileType = sourcecode.c.h; path = ItemDetailViewController.h; sourceTree = "<group>"; };
		5D6E463A2807F8F200ACB360 /* ItemDetailViewController.m */ = {isa = PBXFileReference; lastKnownFileType = sourcecode.c.objc; path = ItemDetailViewController.m; sourceTree = "<group>"; };
		5D6E463C2808084400ACB360 /* IconPickerViewController.h */ = {isa = PBXFileReference; lastKnownFileType = sourcecode.c.h; path = IconPickerViewController.h; sourceTree = "<group>"; };
		5D6E463D2808084400ACB360 /* IconPickerViewController.m */ = {isa = PBXFileReference; lastKnownFileType = sourcecode.c.objc; path = IconPickerViewController.m; sourceTree = "<group>"; };
/* End PBXFileReference section */

/* Begin PBXFrameworksBuildPhase section */
		5D6E46062807BB8500ACB360 /* Frameworks */ = {
			isa = PBXFrameworksBuildPhase;
			buildActionMask = 2147483647;
			files = (
			);
			runOnlyForDeploymentPostprocessing = 0;
		};
/* End PBXFrameworksBuildPhase section */

/* Begin PBXGroup section */
		5D6E46002807BB8500ACB360 = {
			isa = PBXGroup;
			children = (
				5D6E460B2807BB8500ACB360 /* OkLists_OC */,
				5D6E460A2807BB8500ACB360 /* Products */,
			);
			sourceTree = "<group>";
		};
		5D6E460A2807BB8500ACB360 /* Products */ = {
			isa = PBXGroup;
			children = (
				5D6E46092807BB8500ACB360 /* OkLists_OC.app */,
			);
			name = Products;
			sourceTree = "<group>";
		};
		5D6E460B2807BB8500ACB360 /* OkLists_OC */ = {
			isa = PBXGroup;
			children = (
				5D6E46262807BBAF00ACB360 /* Controllers */,
				5D6E46252807BBA500ACB360 /* Models */,
				5D6E460C2807BB8500ACB360 /* AppDelegate.h */,
				5D6E460D2807BB8500ACB360 /* AppDelegate.m */,
				5D6E460F2807BB8500ACB360 /* SceneDelegate.h */,
				5D6E46102807BB8500ACB360 /* SceneDelegate.m */,
				5D6E46152807BB8500ACB360 /* Main.storyboard */,
				5D6E46182807BB8600ACB360 /* Assets.xcassets */,
				5D6E461A2807BB8600ACB360 /* LaunchScreen.storyboard */,
				5D6E461D2807BB8600ACB360 /* Info.plist */,
				5D6E461E2807BB8600ACB360 /* main.m */,
			);
			path = OkLists_OC;
			sourceTree = "<group>";
		};
		5D6E46252807BBA500ACB360 /* Models */ = {
			isa = PBXGroup;
			children = (
				5D6E46272807BCA300ACB360 /* Checklist.h */,
				5D6E46282807BCA300ACB360 /* Checklist.m */,
				5D6E462A2807BF8E00ACB360 /* ChecklistItem.h */,
				5D6E462B2807BF8E00ACB360 /* ChecklistItem.m */,
				5D6E462D2807C71100ACB360 /* DataModel.h */,
				5D6E462E2807C71100ACB360 /* DataModel.m */,
			);
			path = Models;
			sourceTree = "<group>";
		};
		5D6E46262807BBAF00ACB360 /* Controllers */ = {
			isa = PBXGroup;
			children = (
				5D6E46332807EA8200ACB360 /* AllListsViewController.h */,
				5D6E46342807EA8200ACB360 /* AllListsViewController.m */,
				5D6E46302807E9CD00ACB360 /* ListDetailViewController.h */,
				5D6E46312807E9CD00ACB360 /* ListDetailViewController.m */,
				5D6E46362807F8E500ACB360 /* CheckListViewController.h */,
				5D6E46372807F8E500ACB360 /* CheckListViewController.m */,
				5D6E46392807F8F200ACB360 /* ItemDetailViewController.h */,
				5D6E463A2807F8F200ACB360 /* ItemDetailViewController.m */,
				5D6E463C2808084400ACB360 /* IconPickerViewController.h */,
				5D6E463D2808084400ACB360 /* IconPickerViewController.m */,
			);
			path = Controllers;
			sourceTree = "<group>";
		};
/* End PBXGroup section */

/* Begin PBXNativeTarget section */
		5D6E46082807BB8500ACB360 /* OkLists_OC */ = {
			isa = PBXNativeTarget;
			buildConfigurationList = 5D6E46222807BB8600ACB360 /* Build configuration list for PBXNativeTarget "OkLists_OC" */;
			buildPhases = (
				5D6E46052807BB8500ACB360 /* Sources */,
				5D6E46062807BB8500ACB360 /* Frameworks */,
				5D6E46072807BB8500ACB360 /* Resources */,
			);
			buildRules = (
			);
			dependencies = (
			);
			name = OkLists_OC;
			productName = OkLists_OC;
			productReference = 5D6E46092807BB8500ACB360 /* OkLists_OC.app */;
			productType = "com.apple.product-type.application";
		};
/* End PBXNativeTarget section */

/* Begin PBXProject section */
		5D6E46012807BB8500ACB360 /* Project object */ = {
			isa = PBXProject;
			attributes = {
				BuildIndependentTargetsInParallel = 1;
				LastUpgradeCheck = 1330;
				TargetAttributes = {
					5D6E46082807BB8500ACB360 = {
						CreatedOnToolsVersion = 13.3.1;
					};
				};
			};
			buildConfigurationList = 5D6E46042807BB8500ACB360 /* Build configuration list for PBXProject "OkLists_OC" */;
			compatibilityVersion = "Xcode 13.0";
			developmentRegion = en;
			hasScannedForEncodings = 0;
			knownRegions = (
				en,
				Base,
			);
			mainGroup = 5D6E46002807BB8500ACB360;
			productRefGroup = 5D6E460A2807BB8500ACB360 /* Products */;
			projectDirPath = "";
			projectRoot = "";
			targets = (
				5D6E46082807BB8500ACB360 /* OkLists_OC */,
			);
		};
/* End PBXProject section */

/* Begin PBXResourcesBuildPhase section */
		5D6E46072807BB8500ACB360 /* Resources */ = {
			isa = PBXResourcesBuildPhase;
			buildActionMask = 2147483647;
			files = (
				5D6E461C2807BB8600ACB360 /* LaunchScreen.storyboard in Resources */,
				5D6E46192807BB8600ACB360 /* Assets.xcassets in Resources */,
				5D6E46172807BB8500ACB360 /* Main.storyboard in Resources */,
			);
			runOnlyForDeploymentPostprocessing = 0;
		};
/* End PBXResourcesBuildPhase section */

/* Begin PBXSourcesBuildPhase section */
		5D6E46052807BB8500ACB360 /* Sources */ = {
			isa = PBXSourcesBuildPhase;
			buildActionMask = 2147483647;
			files = (
				5D6E46292807BCA300ACB360 /* Checklist.m in Sources */,
				5D6E460E2807BB8500ACB360 /* AppDelegate.m in Sources */,
				5D6E46382807F8E500ACB360 /* CheckListViewController.m in Sources */,
				5D6E46352807EA8200ACB360 /* AllListsViewController.m in Sources */,
				5D6E463B2807F8F200ACB360 /* ItemDetailViewController.m in Sources */,
				5D6E463E2808084400ACB360 /* IconPickerViewController.m in Sources */,
				5D6E46322807E9CD00ACB360 /* ListDetailViewController.m in Sources */,
				5D6E461F2807BB8600ACB360 /* main.m in Sources */,
				5D6E462F2807C71100ACB360 /* DataModel.m in Sources */,
				5D6E46112807BB8500ACB360 /* SceneDelegate.m in Sources */,
				5D6E462C2807BF8E00ACB360 /* ChecklistItem.m in Sources */,
			);
			runOnlyForDeploymentPostprocessing = 0;
		};
/* End PBXSourcesBuildPhase section */

/* Begin PBXVariantGroup section */
		5D6E46152807BB8500ACB360 /* Main.storyboard */ = {
			isa = PBXVariantGroup;
			children = (
				5D6E46162807BB8500ACB360 /* Base */,
			);
			name = Main.storyboard;
			sourceTree = "<group>";
		};
		5D6E461A2807BB8600ACB360 /* LaunchScreen.storyboard */ = {
			isa = PBXVariantGroup;
			children = (
				5D6E461B2807BB8600ACB360 /* Base */,
			);
			name = LaunchScreen.storyboard;
			sourceTree = "<group>";
		};
/* End PBXVariantGroup section */

/* Begin XCBuildConfiguration section */
		5D6E46202807BB8600ACB360 /* Debug */ = {
			isa = XCBuildConfiguration;
			buildSettings = {
				ALWAYS_SEARCH_USER_PATHS = NO;
				CLANG_ANALYZER_NONNULL = YES;
				CLANG_ANALYZER_NUMBER_OBJECT_CONVERSION = YES_AGGRESSIVE;
				CLANG_CXX_LANGUAGE_STANDARD = "gnu++17";
				CLANG_ENABLE_MODULES = YES;
				CLANG_ENABLE_OBJC_ARC = YES;
				CLANG_ENABLE_OBJC_WEAK = YES;
				CLANG_WARN_BLOCK_CAPTURE_AUTORELEASING = YES;
				CLANG_WARN_BOOL_CONVERSION = YES;
				CLANG_WARN_COMMA = YES;
				CLANG_WARN_CONSTANT_CONVERSION = YES;
				CLANG_WARN_DEPRECATED_OBJC_IMPLEMENTATIONS = YES;
				CLANG_WARN_DIRECT_OBJC_ISA_USAGE = YES_ERROR;
				CLANG_WARN_DOCUMENTATION_COMMENTS = YES;
				CLANG_WARN_EMPTY_BODY = YES;
				CLANG_WARN_ENUM_CONVERSION = YES;
				CLANG_WARN_INFINITE_RECURSION = YES;
				CLANG_WARN_INT_CONVERSION = YES;
				CLANG_WARN_NON_LITERAL_NULL_CONVERSION = YES;
				CLANG_WARN_OBJC_IMPLICIT_RETAIN_SELF = YES;
				CLANG_WARN_OBJC_LITERAL_CONVERSION = YES;
				CLANG_WARN_OBJC_ROOT_CLASS = YES_ERROR;
				CLANG_WARN_QUOTED_INCLUDE_IN_FRAMEWORK_HEADER = YES;
				CLANG_WARN_RANGE_LOOP_ANALYSIS = YES;
				CLANG_WARN_STRICT_PROTOTYPES = YES;
				CLANG_WARN_SUSPICIOUS_MOVE = YES;
				CLANG_WARN_UNGUARDED_AVAILABILITY = YES_AGGRESSIVE;
				CLANG_WARN_UNREACHABLE_CODE = YES;
				CLANG_WARN__DUPLICATE_METHOD_MATCH = YES;
				COPY_PHASE_STRIP = NO;
				DEBUG_INFORMATION_FORMAT = dwarf;
				ENABLE_STRICT_OBJC_MSGSEND = YES;
				ENABLE_TESTABILITY = YES;
				GCC_C_LANGUAGE_STANDARD = gnu11;
				GCC_DYNAMIC_NO_PIC = NO;
				GCC_NO_COMMON_BLOCKS = YES;
				GCC_OPTIMIZATION_LEVEL = 0;
				GCC_PREPROCESSOR_DEFINITIONS = (
					"DEBUG=1",
					"$(inherited)",
				);
				GCC_WARN_64_TO_32_BIT_CONVERSION = YES;
				GCC_WARN_ABOUT_RETURN_TYPE = YES_ERROR;
				GCC_WARN_UNDECLARED_SELECTOR = YES;
				GCC_WARN_UNINITIALIZED_AUTOS = YES_AGGRESSIVE;
				GCC_WARN_UNUSED_FUNCTION = YES;
				GCC_WARN_UNUSED_VARIABLE = YES;
				IPHONEOS_DEPLOYMENT_TARGET = 15.4;
				MTL_ENABLE_DEBUG_INFO = INCLUDE_SOURCE;
				MTL_FAST_MATH = YES;
				ONLY_ACTIVE_ARCH = YES;
				SDKROOT = iphoneos;
			};
			name = Debug;
		};
		5D6E46212807BB8600ACB360 /* Release */ = {
			isa = XCBuildConfiguration;
			buildSettings = {
				ALWAYS_SEARCH_USER_PATHS = NO;
				CLANG_ANALYZER_NONNULL = YES;
				CLANG_ANALYZER_NUMBER_OBJECT_CONVERSION = YES_AGGRESSIVE;
				CLANG_CXX_LANGUAGE_STANDARD = "gnu++17";
				CLANG_ENABLE_MODULES = YES;
				CLANG_ENABLE_OBJC_ARC = YES;
				CLANG_ENABLE_OBJC_WEAK = YES;
				CLANG_WARN_BLOCK_CAPTURE_AUTORELEASING = YES;
				CLANG_WARN_BOOL_CONVERSION = YES;
				CLANG_WARN_COMMA = YES;
				CLANG_WARN_CONSTANT_CONVERSION = YES;
				CLANG_WARN_DEPRECATED_OBJC_IMPLEMENTATIONS = YES;
				CLANG_WARN_DIRECT_OBJC_ISA_USAGE = YES_ERROR;
				CLANG_WARN_DOCUMENTATION_COMMENTS = YES;
				CLANG_WARN_EMPTY_BODY = YES;
				CLANG_WARN_ENUM_CONVERSION = YES;
				CLANG_WARN_INFINITE_RECURSION = YES;
				CLANG_WARN_INT_CONVERSION = YES;
				CLANG_WARN_NON_LITERAL_NULL_CONVERSION = YES;
				CLANG_WARN_OBJC_IMPLICIT_RETAIN_SELF = YES;
				CLANG_WARN_OBJC_LITERAL_CONVERSION = YES;
				CLANG_WARN_OBJC_ROOT_CLASS = YES_ERROR;
				CLANG_WARN_QUOTED_INCLUDE_IN_FRAMEWORK_HEADER = YES;
				CLANG_WARN_RANGE_LOOP_ANALYSIS = YES;
				CLANG_WARN_STRICT_PROTOTYPES = YES;
				CLANG_WARN_SUSPICIOUS_MOVE = YES;
				CLANG_WARN_UNGUARDED_AVAILABILITY = YES_AGGRESSIVE;
				CLANG_WARN_UNREACHABLE_CODE = YES;
				CLANG_WARN__DUPLICATE_METHOD_MATCH = YES;
				COPY_PHASE_STRIP = NO;
				DEBUG_INFORMATION_FORMAT = "dwarf-with-dsym";
				ENABLE_NS_ASSERTIONS = NO;
				ENABLE_STRICT_OBJC_MSGSEND = YES;
				GCC_C_LANGUAGE_STANDARD = gnu11;
				GCC_NO_COMMON_BLOCKS = YES;
				GCC_WARN_64_TO_32_BIT_CONVERSION = YES;
				GCC_WARN_ABOUT_RETURN_TYPE = YES_ERROR;
				GCC_WARN_UNDECLARED_SELECTOR = YES;
				GCC_WARN_UNINITIALIZED_AUTOS = YES_AGGRESSIVE;
				GCC_WARN_UNUSED_FUNCTION = YES;
				GCC_WARN_UNUSED_VARIABLE = YES;
				IPHONEOS_DEPLOYMENT_TARGET = 15.4;
				MTL_ENABLE_DEBUG_INFO = NO;
				MTL_FAST_MATH = YES;
				SDKROOT = iphoneos;
				VALIDATE_PRODUCT = YES;
			};
			name = Release;
		};
		5D6E46232807BB8600ACB360 /* Debug */ = {
			isa = XCBuildConfiguration;
			buildSettings = {
				ASSETCATALOG_COMPILER_APPICON_NAME = AppIcon;
				ASSETCATALOG_COMPILER_GLOBAL_ACCENT_COLOR_NAME = AccentColor;
				CODE_SIGN_STYLE = Automatic;
				CURRENT_PROJECT_VERSION = 1;
				DEVELOPMENT_TEAM = 8SYZ47J5TD;
				GENERATE_INFOPLIST_FILE = YES;
				INFOPLIST_FILE = OkLists_OC/Info.plist;
				INFOPLIST_KEY_UIApplicationSupportsIndirectInputEvents = YES;
				INFOPLIST_KEY_UILaunchStoryboardName = LaunchScreen;
				INFOPLIST_KEY_UIMainStoryboardFile = Main;
				INFOPLIST_KEY_UISupportedInterfaceOrientations_iPad = "UIInterfaceOrientationPortrait UIInterfaceOrientationPortraitUpsideDown UIInterfaceOrientationLandscapeLeft UIInterfaceOrientationLandscapeRight";
				INFOPLIST_KEY_UISupportedInterfaceOrientations_iPhone = "UIInterfaceOrientationPortrait UIInterfaceOrientationLandscapeLeft UIInterfaceOrientationLandscapeRight";
				LD_RUNPATH_SEARCH_PATHS = (
					"$(inherited)",
					"@executable_path/Frameworks",
				);
				MARKETING_VERSION = 1.0;
				PRODUCT_BUNDLE_IDENTIFIER = "com.yixiao.multithreading.OkLists-OC";
				PRODUCT_NAME = "$(TARGET_NAME)";
				SWIFT_EMIT_LOC_STRINGS = YES;
				TARGETED_DEVICE_FAMILY = "1,2";
			};
			name = Debug;
		};
		5D6E46242807BB8600ACB360 /* Release */ = {
			isa = XCBuildConfiguration;
			buildSettings = {
				ASSETCATALOG_COMPILER_APPICON_NAME = AppIcon;
				ASSETCATALOG_COMPILER_GLOBAL_ACCENT_COLOR_NAME = AccentColor;
				CODE_SIGN_STYLE = Automatic;
				CURRENT_PROJECT_VERSION = 1;
				DEVELOPMENT_TEAM = 8SYZ47J5TD;
				GENERATE_INFOPLIST_FILE = YES;
				INFOPLIST_FILE = OkLists_OC/Info.plist;
				INFOPLIST_KEY_UIApplicationSupportsIndirectInputEvents = YES;
				INFOPLIST_KEY_UILaunchStoryboardName = LaunchScreen;
				INFOPLIST_KEY_UIMainStoryboardFile = Main;
				INFOPLIST_KEY_UISupportedInterfaceOrientations_iPad = "UIInterfaceOrientationPortrait UIInterfaceOrientationPortraitUpsideDown UIInterfaceOrientationLandscapeLeft UIInterfaceOrientationLandscapeRight";
				INFOPLIST_KEY_UISupportedInterfaceOrientations_iPhone = "UIInterfaceOrientationPortrait UIInterfaceOrientationLandscapeLeft UIInterfaceOrientationLandscapeRight";
				LD_RUNPATH_SEARCH_PATHS = (
					"$(inherited)",
					"@executable_path/Frameworks",
				);
				MARKETING_VERSION = 1.0;
				PRODUCT_BUNDLE_IDENTIFIER = "com.yixiao.multithreading.OkLists-OC";
				PRODUCT_NAME = "$(TARGET_NAME)";
				SWIFT_EMIT_LOC_STRINGS = YES;
				TARGETED_DEVICE_FAMILY = "1,2";
			};
			name = Release;
		};
/* End XCBuildConfiguration section */

/* Begin XCConfigurationList section */
		5D6E46042807BB8500ACB360 /* Build configuration list for PBXProject "OkLists_OC" */ = {
			isa = XCConfigurationList;
			buildConfigurations = (
				5D6E46202807BB8600ACB360 /* Debug */,
				5D6E46212807BB8600ACB360 /* Release */,
			);
			defaultConfigurationIsVisible = 0;
			defaultConfigurationName = Release;
		};
		5D6E46222807BB8600ACB360 /* Build configuration list for PBXNativeTarget "OkLists_OC" */ = {
			isa = XCConfigurationList;
			buildConfigurations = (
				5D6E46232807BB8600ACB360 /* Debug */,
				5D6E46242807BB8600ACB360 /* Release */,
			);
			defaultConfigurationIsVisible = 0;
			defaultConfigurationName = Release;
		};
/* End XCConfigurationList section */
	};
	rootObject = 5D6E46012807BB8500ACB360 /* Project object */;
}
